
Microsoft Visual Studio Solution File, Format Version 12.00
Project("{FAE04EC0-301F-11D3-BF4B-00C04F79EFBC}") = "BusStopCalculator", "BusStopCalculator\BusStopCalculator.csproj", "{88BE7368-CC2D-4A6E-A556-A64D82E7DFAD}"
EndProject
Project("{FAE04EC0-301F-11D3-BF4B-00C04F79EFBC}") = "BusStopCalculator.DAL", "BusStopCalculator.DAL\BusStopCalculator.DAL.csproj", "{3BBAE21D-845B-459F-980D-4B914A77C00B}"
EndProject
Project("{FAE04EC0-301F-11D3-BF4B-00C04F79EFBC}") = "BusStopCalculator.BLL", "BusStopCalculator.BLL\BusStopCalculator.BLL.csproj", "{D044B541-F8E8-4351-A509-38CB6F1003CA}"
EndProject
Project("{FAE04EC0-301F-11D3-BF4B-00C04F79EFBC}") = "BusStopCalculator.DTO", "BusStopCalculator.DTO\BusStopCalculator.DTO.csproj", "{C6C2255D-AD9A-41CC-A477-6AAC37207ECD}"
EndProject
Global
	GlobalSection(SolutionConfigurationPlatforms) = preSolution
		Debug|Any CPU = Debug|Any CPU
		Release|Any CPU = Release|Any CPU
	EndGlobalSection
	GlobalSection(ProjectConfigurationPlatforms) = postSolution
		{88BE7368-CC2D-4A6E-A556-A64D82E7DFAD}.Debug|Any CPU.ActiveCfg = Debug|Any CPU
		{88BE7368-CC2D-4A6E-A556-A64D82E7DFAD}.Debug|Any CPU.Build.0 = Debug|Any CPU
		{88BE7368-CC2D-4A6E-A556-A64D82E7DFAD}.Release|Any CPU.ActiveCfg = Release|Any CPU
		{88BE7368-CC2D-4A6E-A556-A64D82E7DFAD}.Release|Any CPU.Build.0 = Release|Any CPU
		{3BBAE21D-845B-459F-980D-4B914A77C00B}.Debug|Any CPU.ActiveCfg = Debug|Any CPU
		{3BBAE21D-845B-459F-980D-4B914A77C00B}.Debug|Any CPU.Build.0 = Debug|Any CPU
		{3BBAE21D-845B-459F-980D-4B914A77C00B}.Release|Any CPU.ActiveCfg = Release|Any CPU
		{3BBAE21D-845B-459F-980D-4B914A77C00B}.Release|Any CPU.Build.0 = Release|Any CPU
		{D044B541-F8E8-4351-A509-38CB6F1003CA}.Debug|Any CPU.ActiveCfg = Debug|Any CPU
		{D044B541-F8E8-4351-A509-38CB6F1003CA}.Debug|Any CPU.Build.0 = Debug|Any CPU
		{D044B541-F8E8-4351-A509-38CB6F1003CA}.Release|Any CPU.ActiveCfg = Release|Any CPU
		{D044B541-F8E8-4351-A509-38CB6F1003CA}.Release|Any CPU.Build.0 = Release|Any CPU
		{C6C2255D-AD9A-41CC-A477-6AAC37207ECD}.Debug|Any CPU.ActiveCfg = Debug|Any CPU
		{C6C2255D-AD9A-41CC-A477-6AAC37207ECD}.Debug|Any CPU.Build.0 = Debug|Any CPU
		{C6C2255D-AD9A-41CC-A477-6AAC37207ECD}.Release|Any CPU.ActiveCfg = Release|Any CPU
		{C6C2255D-AD9A-41CC-A477-6AAC37207ECD}.Release|Any CPU.Build.0 = Release|Any CPU
	EndGlobalSection
EndGlobal
